
Microsoft Visual Studio Solution File, Format Version 12.00
# Visual Studio Version 17
VisualStudioVersion = 17.3.32811.315
MinimumVisualStudioVersion = 10.0.40219.1
Project("{9A19103F-16F7-4668-BE54-9A1E7A4F7556}") = "SBMAPIInterfaceTest", "SBMAPIInterfaceTest\SBMAPIInterfaceTest.csproj", "{E42886E1-FD86-4F0F-89BF-CCDEE2A83DF5}"
EndProject
Project("{FAE04EC0-301F-11D3-BF4B-00C04F79EFBC}") = "SBMAPIInterface", "SBMAPIInterface\SBMAPIInterface.csproj", "{A0956CAE-D510-4803-B300-CB2DC8522816}"
EndProject
Global
	GlobalSection(SolutionConfigurationPlatforms) = preSolution
		Debug|Any CPU = Debug|Any CPU
		Release|Any CPU = Release|Any CPU
	EndGlobalSection
	GlobalSection(ProjectConfigurationPlatforms) = postSolution
		{E42886E1-FD86-4F0F-89BF-CCDEE2A83DF5}.Debug|Any CPU.ActiveCfg = Debug|Any CPU
		{E42886E1-FD86-4F0F-89BF-CCDEE2A83DF5}.Debug|Any CPU.Build.0 = Debug|Any CPU
		{E42886E1-FD86-4F0F-89BF-CCDEE2A83DF5}.Release|Any CPU.ActiveCfg = Release|Any CPU
		{E42886E1-FD86-4F0F-89BF-CCDEE2A83DF5}.Release|Any CPU.Build.0 = Release|Any CPU
		{A0956CAE-D510-4803-B300-CB2DC8522816}.Debug|Any CPU.ActiveCfg = Debug|Any CPU
		{A0956CAE-D510-4803-B300-CB2DC8522816}.Debug|Any CPU.Build.0 = Debug|Any CPU
		{A0956CAE-D510-4803-B300-CB2DC8522816}.Release|Any CPU.ActiveCfg = Release|Any CPU
		{A0956CAE-D510-4803-B300-CB2DC8522816}.Release|Any CPU.Build.0 = Release|Any CPU
	EndGlobalSection
	GlobalSection(SolutionProperties) = preSolution
		HideSolutionNode = FALSE
	EndGlobalSection
	GlobalSection(ExtensibilityGlobals) = postSolution
		SolutionGuid = {161E480D-AA55-4D65-80F7-9968C4FE053C}
	EndGlobalSection
EndGlobal
